
Microsoft Visual Studio Solution File, Format Version 12.00
# Visual Studio Version 16
VisualStudioVersion = 16.0.29215.179
MinimumVisualStudioVersion = 10.0.40219.1
Project("{FAE04EC0-301F-11D3-BF4B-00C04F79EFBC}") = "DAL_QuanLySinhVien", "DAL_QuanLySinhVien\DAL_QuanLySinhVien.csproj", "{6F1730AE-643E-45AB-AF70-0F2A8F67D202}"
EndProject
Project("{FAE04EC0-301F-11D3-BF4B-00C04F79EFBC}") = "BUS_QuanLySinhVien", "BUS_QuanLySinhVien\BUS_QuanLySinhVien.csproj", "{F8483D9C-649C-43E3-A2E4-A0B64DC91FD0}"
EndProject
Project("{FAE04EC0-301F-11D3-BF4B-00C04F79EFBC}") = "DTO_QuanLySinhVien", "DTO_QuanLySinhVien\DTO_QuanLySinhVien.csproj", "{6C3AB4F9-6BA5-408F-BE77-7AC104BBEABF}"
EndProject
Project("{FAE04EC0-301F-11D3-BF4B-00C04F79EFBC}") = "GUI_QuanLySinhVien", "GUI_QuanLySinhVien\GUI_QuanLySinhVien.csproj", "{F9694892-AAA0-4AC2-813A-2CBF346FFBEB}"
EndProject
Global
	GlobalSection(SolutionConfigurationPlatforms) = preSolution
		Debug|Any CPU = Debug|Any CPU
		Release|Any CPU = Release|Any CPU
	EndGlobalSection
	GlobalSection(ProjectConfigurationPlatforms) = postSolution
		{6F1730AE-643E-45AB-AF70-0F2A8F67D202}.Debug|Any CPU.ActiveCfg = Debug|Any CPU
		{6F1730AE-643E-45AB-AF70-0F2A8F67D202}.Debug|Any CPU.Build.0 = Debug|Any CPU
		{6F1730AE-643E-45AB-AF70-0F2A8F67D202}.Release|Any CPU.ActiveCfg = Release|Any CPU
		{6F1730AE-643E-45AB-AF70-0F2A8F67D202}.Release|Any CPU.Build.0 = Release|Any CPU
		{F8483D9C-649C-43E3-A2E4-A0B64DC91FD0}.Debug|Any CPU.ActiveCfg = Debug|Any CPU
		{F8483D9C-649C-43E3-A2E4-A0B64DC91FD0}.Debug|Any CPU.Build.0 = Debug|Any CPU
		{F8483D9C-649C-43E3-A2E4-A0B64DC91FD0}.Release|Any CPU.ActiveCfg = Release|Any CPU
		{F8483D9C-649C-43E3-A2E4-A0B64DC91FD0}.Release|Any CPU.Build.0 = Release|Any CPU
		{6C3AB4F9-6BA5-408F-BE77-7AC104BBEABF}.Debug|Any CPU.ActiveCfg = Debug|Any CPU
		{6C3AB4F9-6BA5-408F-BE77-7AC104BBEABF}.Debug|Any CPU.Build.0 = Debug|Any CPU
		{6C3AB4F9-6BA5-408F-BE77-7AC104BBEABF}.Release|Any CPU.ActiveCfg = Release|Any CPU
		{6C3AB4F9-6BA5-408F-BE77-7AC104BBEABF}.Release|Any CPU.Build.0 = Release|Any CPU
		{F9694892-AAA0-4AC2-813A-2CBF346FFBEB}.Debug|Any CPU.ActiveCfg = Debug|Any CPU
		{F9694892-AAA0-4AC2-813A-2CBF346FFBEB}.Debug|Any CPU.Build.0 = Debug|Any CPU
		{F9694892-AAA0-4AC2-813A-2CBF346FFBEB}.Release|Any CPU.ActiveCfg = Release|Any CPU
		{F9694892-AAA0-4AC2-813A-2CBF346FFBEB}.Release|Any CPU.Build.0 = Release|Any CPU
	EndGlobalSection
	GlobalSection(SolutionProperties) = preSolution
		HideSolutionNode = FALSE
	EndGlobalSection
	GlobalSection(ExtensibilityGlobals) = postSolution
		SolutionGuid = {1BC03B78-742C-4166-A3A7-A90A7E5E8C43}
	EndGlobalSection
EndGlobal
