
Microsoft Visual Studio Solution File, Format Version 12.00
# Visual Studio Version 16
VisualStudioVersion = 16.0.29519.87
MinimumVisualStudioVersion = 10.0.40219.1
Project("{FAE04EC0-301F-11D3-BF4B-00C04F79EFBC}") = "Lab03_02", "Lab03_02.csproj", "{EE5EFF09-9A98-4140-97E1-35CE4CEDD921}"
EndProject
Global
	GlobalSection(SolutionConfigurationPlatforms) = preSolution
		Debug|Any CPU = Debug|Any CPU
		Release|Any CPU = Release|Any CPU
	EndGlobalSection
	GlobalSection(ProjectConfigurationPlatforms) = postSolution
		{EE5EFF09-9A98-4140-97E1-35CE4CEDD921}.Debug|Any CPU.ActiveCfg = Debug|Any CPU
		{EE5EFF09-9A98-4140-97E1-35CE4CEDD921}.Debug|Any CPU.Build.0 = Debug|Any CPU
		{EE5EFF09-9A98-4140-97E1-35CE4CEDD921}.Release|Any CPU.ActiveCfg = Release|Any CPU
		{EE5EFF09-9A98-4140-97E1-35CE4CEDD921}.Release|Any CPU.Build.0 = Release|Any CPU
	EndGlobalSection
	GlobalSection(SolutionProperties) = preSolution
		HideSolutionNode = FALSE
	EndGlobalSection
	GlobalSection(ExtensibilityGlobals) = postSolution
		SolutionGuid = {086ADFD5-4310-4138-B78D-75CC18A98E12}
	EndGlobalSection
EndGlobal
