
Microsoft Visual Studio Solution File, Format Version 12.00
# Visual Studio Version 16
VisualStudioVersion = 16.0.29519.87
MinimumVisualStudioVersion = 10.0.40219.1
Project("{FAE04EC0-301F-11D3-BF4B-00C04F79EFBC}") = "DangKyMonHoc", "DangKyMonHoc\DangKyMonHoc.csproj", "{2F32150E-DBC7-440F-AF84-E78E63944FCF}"
EndProject
Global
	GlobalSection(SolutionConfigurationPlatforms) = preSolution
		Debug|Any CPU = Debug|Any CPU
		Release|Any CPU = Release|Any CPU
	EndGlobalSection
	GlobalSection(ProjectConfigurationPlatforms) = postSolution
		{2F32150E-DBC7-440F-AF84-E78E63944FCF}.Debug|Any CPU.ActiveCfg = Debug|Any CPU
		{2F32150E-DBC7-440F-AF84-E78E63944FCF}.Debug|Any CPU.Build.0 = Debug|Any CPU
		{2F32150E-DBC7-440F-AF84-E78E63944FCF}.Release|Any CPU.ActiveCfg = Release|Any CPU
		{2F32150E-DBC7-440F-AF84-E78E63944FCF}.Release|Any CPU.Build.0 = Release|Any CPU
	EndGlobalSection
	GlobalSection(SolutionProperties) = preSolution
		HideSolutionNode = FALSE
	EndGlobalSection
	GlobalSection(ExtensibilityGlobals) = postSolution
		SolutionGuid = {CD69E0EA-5ED6-461C-A032-871938CE7CD5}
	EndGlobalSection
EndGlobal
