
Microsoft Visual Studio Solution File, Format Version 12.00
# Visual Studio Version 16
VisualStudioVersion = 16.0.29519.87
MinimumVisualStudioVersion = 10.0.40219.1
Project("{FAE04EC0-301F-11D3-BF4B-00C04F79EFBC}") = "QuanLySinhVien", "QuanLySinhVien\QuanLySinhVien.csproj", "{6D02D6E8-72C8-4303-8D61-511D33CADB6A}"
EndProject
Global
	GlobalSection(SolutionConfigurationPlatforms) = preSolution
		Debug|Any CPU = Debug|Any CPU
		Release|Any CPU = Release|Any CPU
	EndGlobalSection
	GlobalSection(ProjectConfigurationPlatforms) = postSolution
		{6D02D6E8-72C8-4303-8D61-511D33CADB6A}.Debug|Any CPU.ActiveCfg = Debug|Any CPU
		{6D02D6E8-72C8-4303-8D61-511D33CADB6A}.Debug|Any CPU.Build.0 = Debug|Any CPU
		{6D02D6E8-72C8-4303-8D61-511D33CADB6A}.Release|Any CPU.ActiveCfg = Release|Any CPU
		{6D02D6E8-72C8-4303-8D61-511D33CADB6A}.Release|Any CPU.Build.0 = Release|Any CPU
	EndGlobalSection
	GlobalSection(SolutionProperties) = preSolution
		HideSolutionNode = FALSE
	EndGlobalSection
	GlobalSection(ExtensibilityGlobals) = postSolution
		SolutionGuid = {1229FB3E-2DF8-4647-8F3D-BFE75D7ADA89}
	EndGlobalSection
EndGlobal
